{
  "projects": [
    {
      "projectId": "bwcSSYqcBXtyPeXvFEu2Rh",
      "version": "latest",
      "dependencies": {},
      "lang": "ts",
      "fileLocks": [
        {
          "type": "globalVariant",
          "assetId": "nGxlWJ9rXiT6sF",
          "checksum": "7b553196df497afbc3f323bfcb35b3f0"
        },
        {
          "assetId": "bwcSSYqcBXtyPeXvFEu2Rh",
          "type": "projectCss",
          "checksum": "46afd5342ad751e2b16c10c302c1c06f"
        },
        {
          "type": "renderModule",
          "assetId": "weOmw-gDEiORk0",
          "checksum": "769e9c88602da37f026091d2857828a0"
        },
        {
          "type": "cssRules",
          "assetId": "weOmw-gDEiORk0",
          "checksum": "769e9c88602da37f026091d2857828a0"
        },
        {
          "type": "renderModule",
          "assetId": "v1jhYcAfG7LOtI",
          "checksum": "faf86197dbfd4199547ebda0bee696da"
        },
        {
          "type": "cssRules",
          "assetId": "v1jhYcAfG7LOtI",
          "checksum": "faf86197dbfd4199547ebda0bee696da"
        },
        {
          "type": "renderModule",
          "assetId": "Cy8JPfTpOlvQpI",
          "checksum": "3420c08fc5d593d96be6a8ffc0b99866"
        },
        {
          "type": "cssRules",
          "assetId": "Cy8JPfTpOlvQpI",
          "checksum": "3420c08fc5d593d96be6a8ffc0b99866"
        },
        {
          "type": "renderModule",
          "assetId": "bhVWK8DSR66yBm",
          "checksum": "1b840760ab010ad7c1036ac8d26c7454"
        },
        {
          "type": "cssRules",
          "assetId": "bhVWK8DSR66yBm",
          "checksum": "1b840760ab010ad7c1036ac8d26c7454"
        },
        {
          "type": "renderModule",
          "assetId": "j1CvLaKdoY_PwW",
          "checksum": "77f355483f4f20bbb5668599145d97fd"
        },
        {
          "type": "cssRules",
          "assetId": "j1CvLaKdoY_PwW",
          "checksum": "77f355483f4f20bbb5668599145d97fd"
        },
        {
          "type": "renderModule",
          "assetId": "5L5Evdtd83p343",
          "checksum": "5d737dddaa0b372ac6deca63b04a4df3"
        },
        {
          "type": "cssRules",
          "assetId": "5L5Evdtd83p343",
          "checksum": "5d737dddaa0b372ac6deca63b04a4df3"
        },
        {
          "type": "renderModule",
          "assetId": "Es-_roA0MbFZVS",
          "checksum": "43cdfca6f80c542b420614073ab2653f"
        },
        {
          "type": "cssRules",
          "assetId": "Es-_roA0MbFZVS",
          "checksum": "43cdfca6f80c542b420614073ab2653f"
        },
        {
          "type": "renderModule",
          "assetId": "EQ4lRdVwh5ykuJ",
          "checksum": "8b17a14c997be7e59c3965b51e7144e0"
        },
        {
          "type": "cssRules",
          "assetId": "EQ4lRdVwh5ykuJ",
          "checksum": "8b17a14c997be7e59c3965b51e7144e0"
        },
        {
          "type": "renderModule",
          "assetId": "E6wHDTjYujWRMk",
          "checksum": "4828279a0cfe4f06a947fbc98e34143e"
        },
        {
          "type": "cssRules",
          "assetId": "E6wHDTjYujWRMk",
          "checksum": "4828279a0cfe4f06a947fbc98e34143e"
        },
        {
          "type": "renderModule",
          "assetId": "jZbOS1USrsTwhp",
          "checksum": "36fbbd4b3906dac4c2dc69e366ced287"
        },
        {
          "type": "cssRules",
          "assetId": "jZbOS1USrsTwhp",
          "checksum": "36fbbd4b3906dac4c2dc69e366ced287"
        },
        {
          "type": "renderModule",
          "assetId": "fTjvXvQskmdeA4",
          "checksum": "18e74600842c5e32857433937f6da0cf"
        },
        {
          "type": "cssRules",
          "assetId": "fTjvXvQskmdeA4",
          "checksum": "18e74600842c5e32857433937f6da0cf"
        },
        {
          "type": "renderModule",
          "assetId": "0ACWzV1zIg8ldV",
          "checksum": "d4210b81f2fe7b383a110c4ef2e223b1"
        },
        {
          "type": "cssRules",
          "assetId": "0ACWzV1zIg8ldV",
          "checksum": "d4210b81f2fe7b383a110c4ef2e223b1"
        },
        {
          "type": "renderModule",
          "assetId": "Byj8_PspKHSRUe",
          "checksum": "ef5cc282655ff670335b2b8af9fd8c2c"
        },
        {
          "type": "cssRules",
          "assetId": "Byj8_PspKHSRUe",
          "checksum": "ef5cc282655ff670335b2b8af9fd8c2c"
        },
        {
          "type": "renderModule",
          "assetId": "XFCbHd8oXlj2iE",
          "checksum": "69fbe1d0b9e3a8bfa7f475f2a4c7e01d"
        },
        {
          "type": "cssRules",
          "assetId": "XFCbHd8oXlj2iE",
          "checksum": "69fbe1d0b9e3a8bfa7f475f2a4c7e01d"
        },
        {
          "type": "renderModule",
          "assetId": "3X4t1REQFADgrH",
          "checksum": "ed2229d4f1fbf7481fcb579dd1ee4406"
        },
        {
          "type": "cssRules",
          "assetId": "3X4t1REQFADgrH",
          "checksum": "ed2229d4f1fbf7481fcb579dd1ee4406"
        },
        {
          "type": "renderModule",
          "assetId": "qN9seyViMez1wk",
          "checksum": "8f136cb39620df6ed9359c8564d0f3f9"
        },
        {
          "type": "cssRules",
          "assetId": "qN9seyViMez1wk",
          "checksum": "8f136cb39620df6ed9359c8564d0f3f9"
        },
        {
          "type": "renderModule",
          "assetId": "VOSEbsRev_xNj-",
          "checksum": "632d41e89117f945afbe1a1ee32bf7b8"
        },
        {
          "type": "cssRules",
          "assetId": "VOSEbsRev_xNj-",
          "checksum": "632d41e89117f945afbe1a1ee32bf7b8"
        },
        {
          "type": "renderModule",
          "assetId": "NGOcbeGFRSOOTy",
          "checksum": "62319ebd9ea5bb120c10efaebbe5f7c9"
        },
        {
          "type": "cssRules",
          "assetId": "NGOcbeGFRSOOTy",
          "checksum": "62319ebd9ea5bb120c10efaebbe5f7c9"
        },
        {
          "type": "icon",
          "assetId": "3bOHmE97YcNirE",
          "checksum": "e32c3a3061d1ace96bc6e10b2b45ad52"
        },
        {
          "type": "icon",
          "assetId": "uV22ZdjZ_81n5B",
          "checksum": "817fa18399dd3c7b97acb09d92bfd570"
        },
        {
          "type": "icon",
          "assetId": "0NRc8qbLXIdbue",
          "checksum": "622f9f020be8723c4b696d36a779d7d8"
        },
        {
          "type": "icon",
          "assetId": "El81sPG78ffVMK",
          "checksum": "c40f44f9d7bfd006b0b400c077bf9a08"
        },
        {
          "type": "icon",
          "assetId": "vWNPGiyhjSpurl",
          "checksum": "28e28ef5c9d2324aa7e2481a18a6d232"
        },
        {
          "type": "icon",
          "assetId": "NQC9CEyZtelPIk",
          "checksum": "5ade59c8003c5729ca004ade0d5796bf"
        },
        {
          "type": "icon",
          "assetId": "RZTYhUuxj-fPZb",
          "checksum": "4220619b4eaf2907e739f7e4a233c6ce"
        },
        {
          "type": "icon",
          "assetId": "B7TCtFLMb1MeCQ",
          "checksum": "4dae62d980e970abb7fc35f35d2507bd"
        },
        {
          "type": "icon",
          "assetId": "VP2k7m_LNMWi0i",
          "checksum": "051c1195ae81b69fbae44070e4cc4dd5"
        },
        {
          "type": "image",
          "assetId": "1tr6YUR8066MUm",
          "checksum": "ae79c0c4e9c8ad20be7b8eccf25b052b"
        },
        {
          "type": "image",
          "assetId": "rm9r6KAEssgkE6",
          "checksum": "6ea48f4f82f548714c0c6397f13105e3"
        },
        {
          "type": "image",
          "assetId": "Tn9C8tR7mvmLcg",
          "checksum": "10fb9221c20f093c6b0839980118c755"
        },
        {
          "type": "image",
          "assetId": "UX7-BHTcH-Ec96",
          "checksum": "e643ff7980b1187bc72344f12751244c"
        },
        {
          "type": "image",
          "assetId": "O2qJJJjoGl4Uyp",
          "checksum": "e1b00d921dd01b6d4e69ca735db455bd"
        },
        {
          "type": "image",
          "assetId": "C7bUITbWTA9Tuc",
          "checksum": "56fde7ff2e96067f5de1426497d5304f"
        }
      ]
    }
  ],
  "cliVersion": "0.1.157"
}
